{
  "version": 4,
  "terraform_version": "1.6.1",
  "serial": 7,
  "lineage": "2637223f-ca80-f25d-c357-ec4c94e93010",
  "outputs": {},
  "resources": [
    {
      "mode": "managed",
      "type": "digitalocean_droplet",
      "name": "example",
      "provider": "provider[\"registry.terraform.io/digitalocean/digitalocean\"]",
      "instances": [
        {
          "schema_version": 1,
          "attributes": {
            "backups": false,
            "created_at": "2023-10-14T05:14:37Z",
            "disk": 25,
            "droplet_agent": null,
            "graceful_shutdown": false,
            "id": "379624403",
            "image": "ubuntu-20-04-x64",
            "ipv4_address": "157.245.214.158",
            "ipv4_address_private": "10.108.0.2",
            "ipv6": false,
            "ipv6_address": "",
            "locked": false,
            "memory": 1024,
            "monitoring": false,
            "name": "terraform-victor",
            "price_hourly": 0.00893,
            "price_monthly": 6,
            "private_networking": true,
            "region": "nyc3",
            "resize_disk": true,
            "size": "s-1vcpu-1gb",
            "ssh_keys": [
              "bc:8f:51:f7:d6:43:12:2d:45:8b:ae:e9:b2:60:eb:84"
            ],
            "status": "active",
            "tags": null,
            "timeouts": null,
            "urn": "do:droplet:379624403",
            "user_data": "e2a4b0517721be6f1951e5d9e6057544c50212f8",
            "vcpus": 1,
            "volume_ids": [],
            "vpc_uuid": "a2c56b90-0eb6-4d12-bb08-24d55f92b2d2"
          },
          "sensitive_attributes": [],
          "private": "eyJlMmJmYjczMC1lY2FhLTExZTYtOGY4OC0zNDM2M2JjN2M0YzAiOnsiY3JlYXRlIjozNjAwMDAwMDAwMDAwLCJkZWxldGUiOjYwMDAwMDAwMDAwLCJ1cGRhdGUiOjM2MDAwMDAwMDAwMDB9LCJzY2hlbWFfdmVyc2lvbiI6IjEifQ=="
        }
      ]
    }
  ],
  "check_results": null
}
